
Microsoft Visual Studio Solution File, Format Version 12.00
# Visual Studio Version 17
VisualStudioVersion = 17.11.35312.102
MinimumVisualStudioVersion = 10.0.40219.1
Project("{9A19103F-16F7-4668-BE54-9A1E7A4F7556}") = "BlazorExam", "BlazorExam\BlazorExam.csproj", "{EAF7D0F2-F5FD-45E8-BB93-4471D3570929}"
EndProject
Global
	GlobalSection(SolutionConfigurationPlatforms) = preSolution
		Debug|Any CPU = Debug|Any CPU
		Release|Any CPU = Release|Any CPU
	EndGlobalSection
	GlobalSection(ProjectConfigurationPlatforms) = postSolution
		{EAF7D0F2-F5FD-45E8-BB93-4471D3570929}.Debug|Any CPU.ActiveCfg = Debug|Any CPU
		{EAF7D0F2-F5FD-45E8-BB93-4471D3570929}.Debug|Any CPU.Build.0 = Debug|Any CPU
		{EAF7D0F2-F5FD-45E8-BB93-4471D3570929}.Release|Any CPU.ActiveCfg = Release|Any CPU
		{EAF7D0F2-F5FD-45E8-BB93-4471D3570929}.Release|Any CPU.Build.0 = Release|Any CPU
	EndGlobalSection
	GlobalSection(SolutionProperties) = preSolution
		HideSolutionNode = FALSE
	EndGlobalSection
	GlobalSection(ExtensibilityGlobals) = postSolution
		SolutionGuid = {7B744411-C91E-43A0-BFB0-C0491B21BA8C}
	EndGlobalSection
EndGlobal
